
Microsoft Visual Studio Solution File, Format Version 12.00
Project("{FAE04EC0-301F-11D3-BF4B-00C04F79EFBC}") = "DatabaseTest", "DatabaseTest\DatabaseTest.csproj", "{2EE6B4FB-C1A7-4F84-AE7D-9BA69E11394E}"
EndProject
Global
	GlobalSection(SolutionConfigurationPlatforms) = preSolution
		Debug|Any CPU = Debug|Any CPU
		Release|Any CPU = Release|Any CPU
	EndGlobalSection
	GlobalSection(ProjectConfigurationPlatforms) = postSolution
		{2EE6B4FB-C1A7-4F84-AE7D-9BA69E11394E}.Debug|Any CPU.ActiveCfg = Debug|Any CPU
		{2EE6B4FB-C1A7-4F84-AE7D-9BA69E11394E}.Debug|Any CPU.Build.0 = Debug|Any CPU
		{2EE6B4FB-C1A7-4F84-AE7D-9BA69E11394E}.Release|Any CPU.ActiveCfg = Release|Any CPU
		{2EE6B4FB-C1A7-4F84-AE7D-9BA69E11394E}.Release|Any CPU.Build.0 = Release|Any CPU
	EndGlobalSection
EndGlobal
